{
    "_readme": [
        "This file locks the dependencies of your project to a known state",
        "Read more about it at https://getcomposer.org/doc/01-basic-usage.md#installing-dependencies",
        "This file is @generated automatically"
    ],
    "content-hash": "02b4d559ceeb7dd4c9ff203703383a76",
    "packages": [
        {
            "name": "cebe/gnucash-php",
            "version": "0.1.0",
            "source": {
                "type": "git",
                "url": "https://github.com/andrewwippler/gnucash-php.git",
                "reference": "dev"
            },
            "type": "library"
        },
        {
            "name": "moneyphp/money",
            "version": "v4.1.1",
            "source": {
                "type": "git",
                "url": "https://github.com/moneyphp/money.git",
                "reference": "9682220995ffd396843be5b4ee1e5f2c2d6ecee2"
            },
            "dist": {
                "type": "zip",
                "url": "https://api.github.com/repos/moneyphp/money/zipball/9682220995ffd396843be5b4ee1e5f2c2d6ecee2",
                "reference": "9682220995ffd396843be5b4ee1e5f2c2d6ecee2",
                "shasum": ""
            },
            "require": {
                "ext-bcmath": "*",
                "ext-filter": "*",
                "ext-json": "*",
                "php": "~8.0.0 || ~8.1.0 || ~8.2.0"
            },
            "require-dev": {
                "cache/taggable-cache": "^1.1.0",
                "doctrine/coding-standard": "^9.0",
                "doctrine/instantiator": "^1.4.0",
                "ext-gmp": "*",
                "ext-intl": "*",
                "florianv/exchanger": "^2.6.3",
                "florianv/swap": "^4.3.0",
                "moneyphp/crypto-currencies": "^1.0.0",
                "moneyphp/iso-currencies": "^3.2.1",
                "php-http/message": "^1.11.0",
                "php-http/mock-client": "^1.4.1",
                "phpbench/phpbench": "^1.2.5",
                "phpspec/phpspec": "^7.3",
                "phpunit/phpunit": "^9.5.4",
                "psalm/plugin-phpunit": "^0.18.4",
                "psr/cache": "^1.0.1",
                "vimeo/psalm": "~5.3.0"
            },
            "suggest": {
                "ext-gmp": "Calculate without integer limits",
                "ext-intl": "Format Money objects with intl",
                "florianv/exchanger": "Exchange rates library for PHP",
                "florianv/swap": "Exchange rates library for PHP",
                "psr/cache-implementation": "Used for Currency caching"
            },
            "type": "library",
            "extra": {
                "branch-alias": {
                    "dev-master": "3.x-dev"
                }
            },
            "autoload": {
                "psr-4": {
                    "Money\\": "src/"
                }
            },
            "notification-url": "https://packagist.org/downloads/",
            "license": [
                "MIT"
            ],
            "authors": [
                {
                    "name": "Mathias Verraes",
                    "email": "mathias@verraes.net",
                    "homepage": "http://verraes.net"
                },
                {
                    "name": "Márk Sági-Kazár",
                    "email": "mark.sagikazar@gmail.com"
                },
                {
                    "name": "Frederik Bosch",
                    "email": "f.bosch@genkgo.nl"
                }
            ],
            "description": "PHP implementation of Fowler's Money pattern",
            "homepage": "http://moneyphp.org",
            "keywords": [
                "Value Object",
                "money",
                "vo"
            ],
            "support": {
                "issues": "https://github.com/moneyphp/money/issues",
                "source": "https://github.com/moneyphp/money/tree/v4.1.1"
            },
            "time": "2023-04-11T09:18:34+00:00"
        }
    ],
    "packages-dev": [],
    "aliases": [],
    "minimum-stability": "stable",
    "stability-flags": [],
    "prefer-stable": false,
    "prefer-lowest": false,
    "platform": [],
    "platform-dev": [],
    "plugin-api-version": "2.3.0"
}
